<?xml version="1.0" encoding="UTF-8" standalone="yes" ?>
<CodeBlocks_project_file>
	<FileVersion major="1" minor="6" />
	<Project>
		<Option title="test_thpool" />
		<Option pch_mode="2" />
		<Option compiler="gcc" />
		<Build>
			<Target title="Debug">
				<Option output="bin/Debug/test_thpool" prefix_auto="1" extension_auto="1" />
				<Option object_output="obj/Debug/" />
				<Option type="1" />
				<Option compiler="gcc" />
				<Compiler>
					<Add option="-g" />
					<Add directory="../test_thpool" />
					<Add directory="../../../../_portable/CodeBlocks/MinGW/include" />
				</Compiler>
				<Linker>
					<Add library="../../../../_portable/CodeBlocks/MinGW/lib/libpthread.a" />
					<Add directory="../../../../_portable/CodeBlocks/MinGW/lib" />
				</Linker>
			</Target>
			<Target title="Release">
				<Option output="bin/Release/test_thpool" prefix_auto="1" extension_auto="1" />
				<Option object_output="obj/Release/" />
				<Option type="1" />
				<Option compiler="gcc" />
				<Compiler>
					<Add option="-O2" />
				</Compiler>
				<Linker>
					<Add option="-s" />
				</Linker>
			</Target>
		</Build>
		<Compiler>
			<Add option="-Wall" />
		</Compiler>
		<Unit filename="jobq.h" />
		<Unit filename="log.h" />
		<Unit filename="main.c">
			<Option compilerVar="CC" />
		</Unit>
		<Unit filename="platform_def.h" />
		<Unit filename="thpool.c">
			<Option compilerVar="CC" />
		</Unit>
		<Unit filename="thpool.h" />
		<Extensions>
			<code_completion />
			<envvars />
			<debugger />
			<lib_finder disable_auto="1" />
		</Extensions>
	</Project>
</CodeBlocks_project_file>
